
Microsoft Visual Studio Solution File, Format Version 12.00
# Visual Studio 15
VisualStudioVersion = 15.0.27703.2026
MinimumVisualStudioVersion = 10.0.40219.1
Project("{9A19103F-16F7-4668-BE54-9A1E7A4F7556}") = "kloud.web", "kloud.web\kloud.web.csproj", "{BAB3578C-3F3F-4916-A3DB-BF8EFE396562}"
EndProject
Project("{9A19103F-16F7-4668-BE54-9A1E7A4F7556}") = "kloud.test", "kloud.test\kloud.test.csproj", "{6702173E-BE8C-4D55-92A3-CE8232234721}"
EndProject
Project("{2150E333-8FDC-42A3-9474-1A3956D46DE8}") = "Solution Items", "Solution Items", "{8C2D9F7C-4A59-4586-A8D3-66110E27EED1}"
	ProjectSection(SolutionItems) = preProject
		kloud\README.md = kloud\README.md
	EndProjectSection
EndProject
Global
	GlobalSection(SolutionConfigurationPlatforms) = preSolution
		Debug|Any CPU = Debug|Any CPU
		Release|Any CPU = Release|Any CPU
	EndGlobalSection
	GlobalSection(ProjectConfigurationPlatforms) = postSolution
		{BAB3578C-3F3F-4916-A3DB-BF8EFE396562}.Debug|Any CPU.ActiveCfg = Debug|Any CPU
		{BAB3578C-3F3F-4916-A3DB-BF8EFE396562}.Debug|Any CPU.Build.0 = Debug|Any CPU
		{BAB3578C-3F3F-4916-A3DB-BF8EFE396562}.Release|Any CPU.ActiveCfg = Release|Any CPU
		{BAB3578C-3F3F-4916-A3DB-BF8EFE396562}.Release|Any CPU.Build.0 = Release|Any CPU
		{6702173E-BE8C-4D55-92A3-CE8232234721}.Debug|Any CPU.ActiveCfg = Debug|Any CPU
		{6702173E-BE8C-4D55-92A3-CE8232234721}.Debug|Any CPU.Build.0 = Debug|Any CPU
		{6702173E-BE8C-4D55-92A3-CE8232234721}.Release|Any CPU.ActiveCfg = Release|Any CPU
		{6702173E-BE8C-4D55-92A3-CE8232234721}.Release|Any CPU.Build.0 = Release|Any CPU
	EndGlobalSection
	GlobalSection(SolutionProperties) = preSolution
		HideSolutionNode = FALSE
	EndGlobalSection
	GlobalSection(ExtensibilityGlobals) = postSolution
		SolutionGuid = {62E72851-4775-4AB2-9B9E-43E0B8F73D6E}
	EndGlobalSection
EndGlobal
